
Microsoft Visual Studio Solution File, Format Version 12.00
# Visual Studio Version 17
VisualStudioVersion = 17.8.34322.80
MinimumVisualStudioVersion = 10.0.40219.1
Project("{8BC9CEB8-8B4A-11D0-8D11-00A0C91BC942}") = "AIProject3", "AIProject3\AIProject3.vcxproj", "{4097C208-AFE4-473E-842E-E77B36E82035}"
EndProject
Global
	GlobalSection(SolutionConfigurationPlatforms) = preSolution
		Debug|x64 = Debug|x64
		Release|x64 = Release|x64
	EndGlobalSection
	GlobalSection(ProjectConfigurationPlatforms) = postSolution
		{4097C208-AFE4-473E-842E-E77B36E82035}.Debug|x64.ActiveCfg = Release|x64
		{4097C208-AFE4-473E-842E-E77B36E82035}.Debug|x64.Build.0 = Release|x64
		{4097C208-AFE4-473E-842E-E77B36E82035}.Release|x64.ActiveCfg = Release|x64
		{4097C208-AFE4-473E-842E-E77B36E82035}.Release|x64.Build.0 = Release|x64
	EndGlobalSection
	GlobalSection(SolutionProperties) = preSolution
		HideSolutionNode = FALSE
	EndGlobalSection
	GlobalSection(ExtensibilityGlobals) = postSolution
		SolutionGuid = {69C809E0-CC1C-42B5-8BD2-3A302B04439E}
	EndGlobalSection
EndGlobal
